dependencies:
  espressif/esp-modbus:
    component_hash: 56be3df9f436ce30ee513b9c4a77db13b0c3d6c1f52ee48f2198e7aba4319d3c
    dependencies:
    - name: idf
      require: private
      version: '>=5.0'
    source:
      registry_url: https://components.espressif.com/
      type: service
    version: 2.1.2
  espressif/mqtt:
    component_hash: ffdad5659706b4dc14bc63f8eb73ef765efa015bf7e9adf71c813d52a2dc9342
    dependencies:
    - name: idf
      require: private
      version: '>=5.3'
    source:
      registry_url: https://components.espressif.com/
      type: service
    version: 1.0.0
  idf:
    source:
      type: idf
    version: 5.5.3
direct_dependencies:
- espressif/esp-modbus
- espressif/mqtt
- idf
manifest_hash: 8bb7f5dcb7e8498eed0cc6c93d5edec61a14f5cb8d27d8888f8457c81cfdc7dc
target: esp32c3
version: 2.0.0
